PODS:
  - RFKeyboardToolbar (1.2)

DEPENDENCIES:
  - RFKeyboardToolbar (from `https://github.com/amleszk/RFKeyboardToolbar`, commit `40ada111e3820438d973a31b9859169b17d000f5`)

EXTERNAL SOURCES:
  RFKeyboardToolbar:
    :commit: 40ada111e3820438d973a31b9859169b17d000f5
    :git: https://github.com/amleszk/RFKeyboardToolbar

SPEC CHECKSUMS:
  RFKeyboardToolbar: 014234ddbe16af639b71a88aeecbd0cf8c80aba1

COCOAPODS: 0.33.1
